// !$*UTF8*$!
{
	archiveVersion = 1;
	classes = {
	};
	objectVersion = 46;
	objects = {

/* Begin PBXBuildFile section */
		472C56E3182B26C000026995 /* Foundation.framework in Frameworks */ = {isa = PBXBuildFile; fileRef = 472C56E2182B26C000026995 /* Foundation.framework */; };
		472C56E5182B26C000026995 /* CoreGraphics.framework in Frameworks */ = {isa = PBXBuildFile; fileRef = 472C56E4182B26C000026995 /* CoreGraphics.framework */; };
		472C56E7182B26C000026995 /* UIKit.framework in Frameworks */ = {isa = PBXBuildFile; fileRef = 472C56E6182B26C000026995 /* UIKit.framework */; };
		5BDA447D1B5643BF00E3C1D9 /* page in Resources */ = {isa = PBXBuildFile; fileRef = 5BDA447C1B5643BF00E3C1D9 /* page */; };
		5BDA44861B564BDC00E3C1D9 /* VSAppDelegate.m in Sources */ = {isa = PBXBuildFile; fileRef = 5BDA44821B564BDC00E3C1D9 /* VSAppDelegate.m */; };
		5BDA44871B564BDC00E3C1D9 /* VSViewController.m in Sources */ = {isa = PBXBuildFile; fileRef = 5BDA44841B564BDC00E3C1D9 /* VSViewController.m */; };
		5BDA448A1B564BF900E3C1D9 /* Main.storyboard in Resources */ = {isa = PBXBuildFile; fileRef = 5BDA44881B564BF900E3C1D9 /* Main.storyboard */; };
		5BDA449A1B564D1300E3C1D9 /* InfoPlist.strings in Resources */ = {isa = PBXBuildFile; fileRef = 5BDA44981B564D1300E3C1D9 /* InfoPlist.strings */; };
		5BDA44A31B564D4800E3C1D9 /* main.m in Sources */ = {isa = PBXBuildFile; fileRef = 5BDA44A01B564D4800E3C1D9 /* main.m */; };
		5BDA44A41B564D4800E3C1D9 /* ONE MAP-Info.plist in Resources */ = {isa = PBXBuildFile; fileRef = 5BDA44A11B564D4800E3C1D9 /* ONE MAP-Info.plist */; };
		5BDA44A61B564D5C00E3C1D9 /* Images.xcassets in Resources */ = {isa = PBXBuildFile; fileRef = 5BDA44A51B564D5C00E3C1D9 /* Images.xcassets */; };
/* End PBXBuildFile section */

/* Begin PBXFileReference section */
		472C56DF182B26C000026995 /* ONE MAP.app */ = {isa = PBXFileReference; explicitFileType = wrapper.application; includeInIndex = 0; path = "ONE MAP.app"; sourceTree = BUILT_PRODUCTS_DIR; };
		472C56E2182B26C000026995 /* Foundation.framework */ = {isa = PBXFileReference; lastKnownFileType = wrapper.framework; name = Foundation.framework; path = System/Library/Frameworks/Foundation.framework; sourceTree = SDKROOT; };
		472C56E4182B26C000026995 /* CoreGraphics.framework */ = {isa = PBXFileReference; lastKnownFileType = wrapper.framework; name = CoreGraphics.framework; path = System/Library/Frameworks/CoreGraphics.framework; sourceTree = SDKROOT; };
		472C56E6182B26C000026995 /* UIKit.framework */ = {isa = PBXFileReference; lastKnownFileType = wrapper.framework; name = UIKit.framework; path = System/Library/Frameworks/UIKit.framework; sourceTree = SDKROOT; };
		472C5701182B26C000026995 /* XCTest.framework */ = {isa = PBXFileReference; lastKnownFileType = wrapper.framework; name = XCTest.framework; path = Library/Frameworks/XCTest.framework; sourceTree = DEVELOPER_DIR; };
		5BDA447C1B5643BF00E3C1D9 /* page */ = {isa = PBXFileReference; lastKnownFileType = folder; path = page; sourceTree = "<group>"; };
		5BDA44811B564BDC00E3C1D9 /* VSAppDelegate.h */ = {isa = PBXFileReference; fileEncoding = 4; lastKnownFileType = sourcecode.c.h; name = VSAppDelegate.h; path = ONE_MAP/VSAppDelegate.h; sourceTree = "<group>"; };
		5BDA44821B564BDC00E3C1D9 /* VSAppDelegate.m */ = {isa = PBXFileReference; fileEncoding = 4; lastKnownFileType = sourcecode.c.objc; name = VSAppDelegate.m; path = ONE_MAP/VSAppDelegate.m; sourceTree = "<group>"; };
		5BDA44831B564BDC00E3C1D9 /* VSViewController.h */ = {isa = PBXFileReference; fileEncoding = 4; lastKnownFileType = sourcecode.c.h; name = VSViewController.h; path = ONE_MAP/VSViewController.h; sourceTree = "<group>"; };
		5BDA44841B564BDC00E3C1D9 /* VSViewController.m */ = {isa = PBXFileReference; fileEncoding = 4; lastKnownFileType = sourcecode.c.objc; name = VSViewController.m; path = ONE_MAP/VSViewController.m; sourceTree = "<group>"; };
		5BDA44891B564BF900E3C1D9 /* Base */ = {isa = PBXFileReference; lastKnownFileType = file.storyboard; name = Base; path = ONE_MAP/Base.lproj/Main.storyboard; sourceTree = "<group>"; };
		5BDA44991B564D1300E3C1D9 /* en */ = {isa = PBXFileReference; lastKnownFileType = text.plist.strings; name = en; path = ONE_MAP/en.lproj/InfoPlist.strings; sourceTree = SOURCE_ROOT; };
		5BDA44A01B564D4800E3C1D9 /* main.m */ = {isa = PBXFileReference; fileEncoding = 4; lastKnownFileType = sourcecode.c.objc; name = main.m; path = ONE_MAP/main.m; sourceTree = SOURCE_ROOT; };
		5BDA44A11B564D4800E3C1D9 /* ONE MAP-Info.plist */ = {isa = PBXFileReference; fileEncoding = 4; lastKnownFileType = text.plist.xml; name = "ONE MAP-Info.plist"; path = "ONE_MAP/ONE MAP-Info.plist"; sourceTree = SOURCE_ROOT; };
		5BDA44A21B564D4800E3C1D9 /* ONE MAP-Prefix.pch */ = {isa = PBXFileReference; fileEncoding = 4; lastKnownFileType = sourcecode.c.h; name = "ONE MAP-Prefix.pch"; path = "ONE_MAP/ONE MAP-Prefix.pch"; sourceTree = SOURCE_ROOT; };
		5BDA44A51B564D5C00E3C1D9 /* Images.xcassets */ = {isa = PBXFileReference; lastKnownFileType = folder.assetcatalog; name = Images.xcassets; path = ONE_MAP/Images.xcassets; sourceTree = "<group>"; };
/* End PBXFileReference section */

/* Begin PBXFrameworksBuildPhase section */
		472C56DC182B26C000026995 /* Frameworks */ = {
			isa = PBXFrameworksBuildPhase;
			buildActionMask = 2147483647;
			files = (
				472C56E5182B26C000026995 /* CoreGraphics.framework in Frameworks */,
				472C56E7182B26C000026995 /* UIKit.framework in Frameworks */,
				472C56E3182B26C000026995 /* Foundation.framework in Frameworks */,
			);
			runOnlyForDeploymentPostprocessing = 0;
		};
/* End PBXFrameworksBuildPhase section */

/* Begin PBXGroup section */
		472C56D6182B26BF00026995 = {
			isa = PBXGroup;
			children = (
				5BDA447F1B564B1900E3C1D9 /* ONE_MAP */,
				5BDA447C1B5643BF00E3C1D9 /* page */,
				472C56E1182B26C000026995 /* Frameworks */,
				472C56E0182B26C000026995 /* Products */,
			);
			sourceTree = "<group>";
		};
		472C56E0182B26C000026995 /* Products */ = {
			isa = PBXGroup;
			children = (
				472C56DF182B26C000026995 /* ONE MAP.app */,
			);
			name = Products;
			sourceTree = "<group>";
		};
		472C56E1182B26C000026995 /* Frameworks */ = {
			isa = PBXGroup;
			children = (
				472C56E2182B26C000026995 /* Foundation.framework */,
				472C56E4182B26C000026995 /* CoreGraphics.framework */,
				472C56E6182B26C000026995 /* UIKit.framework */,
				472C5701182B26C000026995 /* XCTest.framework */,
			);
			name = Frameworks;
			sourceTree = "<group>";
		};
		472C56E9182B26C000026995 /* Supporting Files */ = {
			isa = PBXGroup;
			children = (
				5BDA44A01B564D4800E3C1D9 /* main.m */,
				5BDA44A11B564D4800E3C1D9 /* ONE MAP-Info.plist */,
				5BDA44A21B564D4800E3C1D9 /* ONE MAP-Prefix.pch */,
				5BDA44981B564D1300E3C1D9 /* InfoPlist.strings */,
			);
			name = "Supporting Files";
			path = VeevaSimulator;
			sourceTree = "<group>";
		};
		5BDA447F1B564B1900E3C1D9 /* ONE_MAP */ = {
			isa = PBXGroup;
			children = (
				5BDA44881B564BF900E3C1D9 /* Main.storyboard */,
				5BDA44811B564BDC00E3C1D9 /* VSAppDelegate.h */,
				5BDA44821B564BDC00E3C1D9 /* VSAppDelegate.m */,
				5BDA44831B564BDC00E3C1D9 /* VSViewController.h */,
				5BDA44841B564BDC00E3C1D9 /* VSViewController.m */,
				5BDA44A51B564D5C00E3C1D9 /* Images.xcassets */,
				472C56E9182B26C000026995 /* Supporting Files */,
			);
			name = ONE_MAP;
			sourceTree = "<group>";
		};
/* End PBXGroup section */

/* Begin PBXNativeTarget section */
		472C56DE182B26C000026995 /* ONE MAP */ = {
			isa = PBXNativeTarget;
			buildConfigurationList = 472C5711182B26C000026995 /* Build configuration list for PBXNativeTarget "ONE MAP" */;
			buildPhases = (
				472C56DB182B26C000026995 /* Sources */,
				472C56DC182B26C000026995 /* Frameworks */,
				472C56DD182B26C000026995 /* Resources */,
			);
			buildRules = (
			);
			dependencies = (
			);
			name = "ONE MAP";
			productName = VeevaSimulator;
			productReference = 472C56DF182B26C000026995 /* ONE MAP.app */;
			productType = "com.apple.product-type.application";
		};
/* End PBXNativeTarget section */

/* Begin PBXProject section */
		472C56D7182B26C000026995 /* Project object */ = {
			isa = PBXProject;
			attributes = {
				CLASSPREFIX = VS;
				LastUpgradeCheck = 0500;
				ORGANIZATIONNAME = EReach;
			};
			buildConfigurationList = 472C56DA182B26C000026995 /* Build configuration list for PBXProject "ONE MAP" */;
			compatibilityVersion = "Xcode 3.2";
			developmentRegion = English;
			hasScannedForEncodings = 0;
			knownRegions = (
				en,
				Base,
			);
			mainGroup = 472C56D6182B26BF00026995;
			productRefGroup = 472C56E0182B26C000026995 /* Products */;
			projectDirPath = "";
			projectRoot = "";
			targets = (
				472C56DE182B26C000026995 /* ONE MAP */,
			);
		};
/* End PBXProject section */

/* Begin PBXResourcesBuildPhase section */
		472C56DD182B26C000026995 /* Resources */ = {
			isa = PBXResourcesBuildPhase;
			buildActionMask = 2147483647;
			files = (
				5BDA449A1B564D1300E3C1D9 /* InfoPlist.strings in Resources */,
				5BDA44A41B564D4800E3C1D9 /* ONE MAP-Info.plist in Resources */,
				5BDA44A61B564D5C00E3C1D9 /* Images.xcassets in Resources */,
				5BDA447D1B5643BF00E3C1D9 /* page in Resources */,
				5BDA448A1B564BF900E3C1D9 /* Main.storyboard in Resources */,
			);
			runOnlyForDeploymentPostprocessing = 0;
		};
/* End PBXResourcesBuildPhase section */

/* Begin PBXSourcesBuildPhase section */
		472C56DB182B26C000026995 /* Sources */ = {
			isa = PBXSourcesBuildPhase;
			buildActionMask = 2147483647;
			files = (
				5BDA44871B564BDC00E3C1D9 /* VSViewController.m in Sources */,
				5BDA44A31B564D4800E3C1D9 /* main.m in Sources */,
				5BDA44861B564BDC00E3C1D9 /* VSAppDelegate.m in Sources */,
			);
			runOnlyForDeploymentPostprocessing = 0;
		};
/* End PBXSourcesBuildPhase section */

/* Begin PBXVariantGroup section */
		5BDA44881B564BF900E3C1D9 /* Main.storyboard */ = {
			isa = PBXVariantGroup;
			children = (
				5BDA44891B564BF900E3C1D9 /* Base */,
			);
			name = Main.storyboard;
			sourceTree = "<group>";
		};
		5BDA44981B564D1300E3C1D9 /* InfoPlist.strings */ = {
			isa = PBXVariantGroup;
			children = (
				5BDA44991B564D1300E3C1D9 /* en */,
			);
			name = InfoPlist.strings;
			sourceTree = "<group>";
		};
/* End PBXVariantGroup section */

/* Begin XCBuildConfiguration section */
		472C570F182B26C000026995 /* Debug */ = {
			isa = XCBuildConfiguration;
			buildSettings = {
				ALWAYS_SEARCH_USER_PATHS = NO;
				ARCHS = "$(ARCHS_STANDARD)";
				CLANG_CXX_LANGUAGE_STANDARD = "gnu++0x";
				CLANG_CXX_LIBRARY = "libc++";
				CLANG_ENABLE_MODULES = YES;
				CLANG_ENABLE_OBJC_ARC = YES;
				CLANG_WARN_BOOL_CONVERSION = YES;
				CLANG_WARN_CONSTANT_CONVERSION = YES;
				CLANG_WARN_DIRECT_OBJC_ISA_USAGE = YES_ERROR;
				CLANG_WARN_EMPTY_BODY = YES;
				CLANG_WARN_ENUM_CONVERSION = YES;
				CLANG_WARN_INT_CONVERSION = YES;
				CLANG_WARN_OBJC_ROOT_CLASS = YES_ERROR;
				CLANG_WARN__DUPLICATE_METHOD_MATCH = YES;
				"CODE_SIGN_IDENTITY[sdk=iphoneos*]" = "iPhone Developer";
				COPY_PHASE_STRIP = NO;
				GCC_C_LANGUAGE_STANDARD = gnu99;
				GCC_DYNAMIC_NO_PIC = NO;
				GCC_OPTIMIZATION_LEVEL = 0;
				GCC_PREPROCESSOR_DEFINITIONS = (
					"DEBUG=1",
					"$(inherited)",
				);
				GCC_SYMBOLS_PRIVATE_EXTERN = NO;
				GCC_WARN_64_TO_32_BIT_CONVERSION = YES;
				GCC_WARN_ABOUT_RETURN_TYPE = YES_ERROR;
				GCC_WARN_UNDECLARED_SELECTOR = YES;
				GCC_WARN_UNINITIALIZED_AUTOS = YES;
				GCC_WARN_UNUSED_FUNCTION = YES;
				GCC_WARN_UNUSED_VARIABLE = YES;
				IPHONEOS_DEPLOYMENT_TARGET = 6.1;
				ONLY_ACTIVE_ARCH = YES;
				PROVISIONING_PROFILE = "9bd05251-f9dd-4653-bb6c-f552af121513";
				SDKROOT = iphoneos;
				TARGETED_DEVICE_FAMILY = 2;
			};
			name = Debug;
		};
		472C5710182B26C000026995 /* Release */ = {
			isa = XCBuildConfiguration;
			buildSettings = {
				ALWAYS_SEARCH_USER_PATHS = NO;
				ARCHS = "$(ARCHS_STANDARD)";
				CLANG_CXX_LANGUAGE_STANDARD = "gnu++0x";
				CLANG_CXX_LIBRARY = "libc++";
				CLANG_ENABLE_MODULES = YES;
				CLANG_ENABLE_OBJC_ARC = YES;
				CLANG_WARN_BOOL_CONVERSION = YES;
				CLANG_WARN_CONSTANT_CONVERSION = YES;
				CLANG_WARN_DIRECT_OBJC_ISA_USAGE = YES_ERROR;
				CLANG_WARN_EMPTY_BODY = YES;
				CLANG_WARN_ENUM_CONVERSION = YES;
				CLANG_WARN_INT_CONVERSION = YES;
				CLANG_WARN_OBJC_ROOT_CLASS = YES_ERROR;
				CLANG_WARN__DUPLICATE_METHOD_MATCH = YES;
				"CODE_SIGN_IDENTITY[sdk=iphoneos*]" = "iPhone Developer: Yibin Dong (5BS29M5D9G)";
				COPY_PHASE_STRIP = YES;
				ENABLE_NS_ASSERTIONS = NO;
				GCC_C_LANGUAGE_STANDARD = gnu99;
				GCC_WARN_64_TO_32_BIT_CONVERSION = YES;
				GCC_WARN_ABOUT_RETURN_TYPE = YES_ERROR;
				GCC_WARN_UNDECLARED_SELECTOR = YES;
				GCC_WARN_UNINITIALIZED_AUTOS = YES;
				GCC_WARN_UNUSED_FUNCTION = YES;
				GCC_WARN_UNUSED_VARIABLE = YES;
				IPHONEOS_DEPLOYMENT_TARGET = 6.1;
				PROVISIONING_PROFILE = "9bd05251-f9dd-4653-bb6c-f552af121513";
				SDKROOT = iphoneos;
				TARGETED_DEVICE_FAMILY = 2;
				VALIDATE_PRODUCT = YES;
			};
			name = Release;
		};
		472C5712182B26C000026995 /* Debug */ = {
			isa = XCBuildConfiguration;
			buildSettings = {
				ASSETCATALOG_COMPILER_APPICON_NAME = AppIcon;
				ASSETCATALOG_COMPILER_LAUNCHIMAGE_NAME = LaunchImage;
				CODE_SIGN_IDENTITY = "iPhone Developer: Yibin Dong (5BS29M5D9G)";
				GCC_PRECOMPILE_PREFIX_HEADER = YES;
				GCC_PREFIX_HEADER = "ONE_MAP/ONE MAP-Prefix.pch";
				INFOPLIST_FILE = "ONE_MAP/ONE MAP-Info.plist";
				IPHONEOS_DEPLOYMENT_TARGET = 6.1;
				PRODUCT_NAME = "ONE MAP";
				PROVISIONING_PROFILE = "9bd05251-f9dd-4653-bb6c-f552af121513";
				TARGETED_DEVICE_FAMILY = "1,2";
				WRAPPER_EXTENSION = app;
			};
			name = Debug;
		};
		472C5713182B26C000026995 /* Release */ = {
			isa = XCBuildConfiguration;
			buildSettings = {
				ASSETCATALOG_COMPILER_APPICON_NAME = AppIcon;
				ASSETCATALOG_COMPILER_LAUNCHIMAGE_NAME = LaunchImage;
				CODE_SIGN_IDENTITY = "iPhone Developer: Yibin Dong (5BS29M5D9G)";
				"CODE_SIGN_IDENTITY[sdk=iphoneos*]" = "iPhone Developer: Yibin Dong (5BS29M5D9G)";
				GCC_PRECOMPILE_PREFIX_HEADER = YES;
				GCC_PREFIX_HEADER = "ONE_MAP/ONE MAP-Prefix.pch";
				INFOPLIST_FILE = "ONE_MAP/ONE MAP-Info.plist";
				IPHONEOS_DEPLOYMENT_TARGET = 6.1;
				PRODUCT_NAME = "ONE MAP";
				PROVISIONING_PROFILE = "9bd05251-f9dd-4653-bb6c-f552af121513";
				TARGETED_DEVICE_FAMILY = "1,2";
				WRAPPER_EXTENSION = app;
			};
			name = Release;
		};
/* End XCBuildConfiguration section */

/* Begin XCConfigurationList section */
		472C56DA182B26C000026995 /* Build configuration list for PBXProject "ONE MAP" */ = {
			isa = XCConfigurationList;
			buildConfigurations = (
				472C570F182B26C000026995 /* Debug */,
				472C5710182B26C000026995 /* Release */,
			);
			defaultConfigurationIsVisible = 0;
			defaultConfigurationName = Release;
		};
		472C5711182B26C000026995 /* Build configuration list for PBXNativeTarget "ONE MAP" */ = {
			isa = XCConfigurationList;
			buildConfigurations = (
				472C5712182B26C000026995 /* Debug */,
				472C5713182B26C000026995 /* Release */,
			);
			defaultConfigurationIsVisible = 0;
			defaultConfigurationName = Release;
		};
/* End XCConfigurationList section */
	};
	rootObject = 472C56D7182B26C000026995 /* Project object */;
}
